<?xml version="1.0" encoding="utf-8"?>
<Project ToolsVersion="4.0" xmlns="http://schemas.microsoft.com/developer/msbuild/2003">
  <ItemGroup>
    <Filter Include="Source Files">
      <UniqueIdentifier>{fc298992-3131-411f-a6e8-64d8c030d378}</UniqueIdentifier>
    </Filter>
    <Filter Include="Header Files">
      <UniqueIdentifier>{9c00bfaf-0c1c-4429-b2ad-87d9c4726171}</UniqueIdentifier>
    </Filter>
  </ItemGroup>
  <ItemGroup>
    <ClCompile Include="src\Pulsar.cpp">
      <Filter>Source Files</Filter>
    </ClCompile>
    <ClCompile Include="..\include\stk\src\Noise.cpp">
      <Filter>Source Files</Filter>
    </ClCompile>
    <ClCompile Include="..\include\stk\src\Stk.cpp">
      <Filter>Source Files</Filter>
    </ClCompile>
  </ItemGroup>
  <ItemGroup>
    <ClInclude Include="..\include\chugin.h">
      <Filter>Header Files</Filter>
    </ClInclude>
    <ClInclude Include="..\include\Grain.h">
      <Filter>Header Files</Filter>
    </ClInclude>
    <ClInclude Include="..\include\Phasor.h">
      <Filter>Header Files</Filter>
    </ClInclude>
    <ClInclude Include="..\include\Smoother.h">
      <Filter>Header Files</Filter>
    </ClInclude>
    <ClInclude Include="..\include\stk\include\Noise.h">
      <Filter>Header Files</Filter>
    </ClInclude>
    <ClInclude Include="..\include\stk\include\Stk.h">
      <Filter>Header Files</Filter>
    </ClInclude>
  </ItemGroup>
</Project>