<?xml version="1.0" encoding="utf-8"?>
<Project ToolsVersion="4.0" xmlns="http://schemas.microsoft.com/developer/msbuild/2003">
  <ItemGroup>
    <Filter Include="Source Files">
      <UniqueIdentifier>{dbe54c4e-9362-4695-83ca-f7ac3cd8332f}</UniqueIdentifier>
    </Filter>
    <Filter Include="Header Files">
      <UniqueIdentifier>{078ce55a-82c9-4856-adf8-4d28343cfad9}</UniqueIdentifier>
    </Filter>
    <Filter Include="Header Files\stk">
      <UniqueIdentifier>{ce5dd49a-cce5-4403-8bbf-559c86443e4d}</UniqueIdentifier>
    </Filter>
    <Filter Include="Source Files\stk">
      <UniqueIdentifier>{7ab182d9-e946-403e-b507-fd7ae9ce4313}</UniqueIdentifier>
    </Filter>
  </ItemGroup>
  <ItemGroup>
    <ClCompile Include="src\Assemblage.cpp">
      <Filter>Source Files</Filter>
    </ClCompile>
    <ClCompile Include="..\include\stk\src\FileRead.cpp">
      <Filter>Source Files\stk</Filter>
    </ClCompile>
    <ClCompile Include="..\include\stk\src\Noise.cpp">
      <Filter>Source Files\stk</Filter>
    </ClCompile>
    <ClCompile Include="..\include\stk\src\Stk.cpp">
      <Filter>Source Files\stk</Filter>
    </ClCompile>
  </ItemGroup>
  <ItemGroup>
    <ClInclude Include="..\include\chugin.h">
      <Filter>Header Files</Filter>
    </ClInclude>
    <ClInclude Include="..\include\Grain.h">
      <Filter>Header Files</Filter>
    </ClInclude>
    <ClInclude Include="..\include\Phasor.h">
      <Filter>Header Files</Filter>
    </ClInclude>
    <ClInclude Include="..\include\Quark.h">
      <Filter>Header Files</Filter>
    </ClInclude>
    <ClInclude Include="..\include\Smoother.h">
      <Filter>Header Files</Filter>
    </ClInclude>
    <ClInclude Include="..\include\Swarm.h">
      <Filter>Header Files</Filter>
    </ClInclude>
    <ClInclude Include="..\include\Windower.h">
      <Filter>Header Files</Filter>
    </ClInclude>
    <ClInclude Include="..\include\WindowFunctions.h">
      <Filter>Header Files</Filter>
    </ClInclude>
    <ClInclude Include="..\include\stk\include\FileRead.h">
      <Filter>Header Files\stk</Filter>
    </ClInclude>
    <ClInclude Include="..\include\stk\include\Noise.h">
      <Filter>Header Files\stk</Filter>
    </ClInclude>
    <ClInclude Include="..\include\stk\include\Stk.h">
      <Filter>Header Files\stk</Filter>
    </ClInclude>
  </ItemGroup>
</Project>