<?xml version="1.0" encoding="utf-8"?>
<Project ToolsVersion="4.0" xmlns="http://schemas.microsoft.com/developer/msbuild/2003">
  <ItemGroup>
    <Filter Include="Header Files">
      <UniqueIdentifier>{b763c6c5-bde1-4817-9c91-0490daab8e04}</UniqueIdentifier>
    </Filter>
    <Filter Include="Source Files">
      <UniqueIdentifier>{ac92b3c1-9f87-490b-ba34-29fa659bb805}</UniqueIdentifier>
    </Filter>
    <Filter Include="Header Files\stk">
      <UniqueIdentifier>{699b1db6-2cce-4376-9cb2-14ab27c4da8d}</UniqueIdentifier>
    </Filter>
    <Filter Include="Source Files\source">
      <UniqueIdentifier>{725eebab-4f6a-4533-9cc3-44b6db0071ab}</UniqueIdentifier>
    </Filter>
  </ItemGroup>
  <ItemGroup>
    <ClCompile Include="src\Collage.cpp">
      <Filter>Source Files</Filter>
    </ClCompile>
    <ClCompile Include="..\include\stk\src\FileRead.cpp">
      <Filter>Source Files\source</Filter>
    </ClCompile>
    <ClCompile Include="..\include\stk\src\Noise.cpp">
      <Filter>Source Files\source</Filter>
    </ClCompile>
    <ClCompile Include="..\include\stk\src\Stk.cpp">
      <Filter>Source Files\source</Filter>
    </ClCompile>
  </ItemGroup>
  <ItemGroup>
    <ClInclude Include="..\include\Assemblage.h">
      <Filter>Header Files</Filter>
    </ClInclude>
    <ClInclude Include="..\include\Atmosphere.h">
      <Filter>Header Files</Filter>
    </ClInclude>
    <ClInclude Include="..\include\chugin.h">
      <Filter>Header Files</Filter>
    </ClInclude>
    <ClInclude Include="..\include\CircularBuffer.h">
      <Filter>Header Files</Filter>
    </ClInclude>
    <ClInclude Include="..\include\Delay.h">
      <Filter>Header Files</Filter>
    </ClInclude>
    <ClInclude Include="..\include\Distort.h">
      <Filter>Header Files</Filter>
    </ClInclude>
    <ClInclude Include="..\include\FileGrain.h">
      <Filter>Header Files</Filter>
    </ClInclude>
    <ClInclude Include="..\include\Grain.h">
      <Filter>Header Files</Filter>
    </ClInclude>
    <ClInclude Include="..\include\GrainEvent.h">
      <Filter>Header Files</Filter>
    </ClInclude>
    <ClInclude Include="..\include\Interpolators.h">
      <Filter>Header Files</Filter>
    </ClInclude>
    <ClInclude Include="..\include\Phasor.h">
      <Filter>Header Files</Filter>
    </ClInclude>
    <ClInclude Include="..\include\Pulsar.h">
      <Filter>Header Files</Filter>
    </ClInclude>
    <ClInclude Include="..\include\Quark.h">
      <Filter>Header Files</Filter>
    </ClInclude>
    <ClInclude Include="..\include\Sampler.h">
      <Filter>Header Files</Filter>
    </ClInclude>
    <ClInclude Include="..\include\Smoother.h">
      <Filter>Header Files</Filter>
    </ClInclude>
    <ClInclude Include="..\include\SoundFile.h">
      <Filter>Header Files</Filter>
    </ClInclude>
    <ClInclude Include="..\include\Swarm.h">
      <Filter>Header Files</Filter>
    </ClInclude>
    <ClInclude Include="..\include\Windower.h">
      <Filter>Header Files</Filter>
    </ClInclude>
    <ClInclude Include="..\include\WindowFunctions.h">
      <Filter>Header Files</Filter>
    </ClInclude>
    <ClInclude Include="..\include\stk\include\Stk.h">
      <Filter>Header Files\stk</Filter>
    </ClInclude>
    <ClInclude Include="..\include\stk\include\FileRead.h">
      <Filter>Header Files\stk</Filter>
    </ClInclude>
    <ClInclude Include="..\include\stk\include\Noise.h">
      <Filter>Header Files\stk</Filter>
    </ClInclude>
  </ItemGroup>
</Project>