<?xml version="1.0" encoding="utf-8"?>
<Project ToolsVersion="4.0" xmlns="http://schemas.microsoft.com/developer/msbuild/2003">
  <ItemGroup>
    <Filter Include="Header Files">
      <UniqueIdentifier>{1a29dbdc-7e19-4f55-996d-32bd1de703a9}</UniqueIdentifier>
    </Filter>
    <Filter Include="Source Files">
      <UniqueIdentifier>{850d54b8-c18b-4b38-8640-015a8aa6fa69}</UniqueIdentifier>
    </Filter>
  </ItemGroup>
  <ItemGroup>
    <ClCompile Include="src\Granulator.cpp">
      <Filter>Source Files</Filter>
    </ClCompile>
  </ItemGroup>
  <ItemGroup>
    <ClInclude Include="include\chugin.h">
      <Filter>Header Files</Filter>
    </ClInclude>
    <ClInclude Include="include\Granulator.h">
      <Filter>Header Files</Filter>
    </ClInclude>
  </ItemGroup>
</Project>