<?xml version="1.0" encoding="utf-8"?>
<Project ToolsVersion="4.0" xmlns="http://schemas.microsoft.com/developer/msbuild/2003">
  <ItemGroup>
    <Filter Include="Header Files">
      <UniqueIdentifier>{6d8bedcc-0cf5-48ad-a4e1-a58b123c77d4}</UniqueIdentifier>
    </Filter>
    <Filter Include="Source Files">
      <UniqueIdentifier>{c5acd554-ac7d-4d4c-ab71-465868540afb}</UniqueIdentifier>
    </Filter>
    <Filter Include="Header Files\stk">
      <UniqueIdentifier>{65652ac4-ef19-4692-a5aa-e26498a2d72e}</UniqueIdentifier>
    </Filter>
  </ItemGroup>
  <ItemGroup>
    <ClInclude Include="include\FileGrain.h">
      <Filter>Header Files</Filter>
    </ClInclude>
    <ClInclude Include="..\include\chugin.h">
      <Filter>Header Files</Filter>
    </ClInclude>
    <ClInclude Include="..\include\Grain.h">
      <Filter>Header Files</Filter>
    </ClInclude>
    <ClInclude Include="..\include\Phasor.h">
      <Filter>Header Files</Filter>
    </ClInclude>
    <ClInclude Include="..\include\Smoother.h">
      <Filter>Header Files</Filter>
    </ClInclude>
    <ClInclude Include="..\include\stk\include\FileRead.h">
      <Filter>Header Files\stk</Filter>
    </ClInclude>
    <ClInclude Include="..\include\stk\include\Stk.h">
      <Filter>Header Files\stk</Filter>
    </ClInclude>
    <ClInclude Include="..\Sampler.chug\include\Sampler.h">
      <Filter>Header Files</Filter>
    </ClInclude>
  </ItemGroup>
  <ItemGroup>
    <ClCompile Include="src\Grain.cpp">
      <Filter>Source Files</Filter>
    </ClCompile>
    <ClCompile Include="..\include\stk\src\FileRead.cpp">
      <Filter>Source Files</Filter>
    </ClCompile>
    <ClCompile Include="..\include\stk\src\Noise.cpp">
      <Filter>Source Files</Filter>
    </ClCompile>
    <ClCompile Include="..\include\stk\src\Stk.cpp">
      <Filter>Source Files</Filter>
    </ClCompile>
  </ItemGroup>
</Project>